
Microsoft Visual Studio Solution File, Format Version 12.00
# Visual Studio Version 17
VisualStudioVersion = 17.9.34728.123
MinimumVisualStudioVersion = 10.0.40219.1
Project("{9A19103F-16F7-4668-BE54-9A1E7A4F7556}") = "TTMS", "TTMS\TTMS.csproj", "{56C67AD9-867F-4A9D-8AE1-25CCE03406B7}"
EndProject
Global
	GlobalSection(SolutionConfigurationPlatforms) = preSolution
		Debug|Any CPU = Debug|Any CPU
		Debug|x64 = Debug|x64
		Release|Any CPU = Release|Any CPU
		Release|x64 = Release|x64
	EndGlobalSection
	GlobalSection(ProjectConfigurationPlatforms) = postSolution
		{56C67AD9-867F-4A9D-8AE1-25CCE03406B7}.Debug|Any CPU.ActiveCfg = Debug|Any CPU
		{56C67AD9-867F-4A9D-8AE1-25CCE03406B7}.Debug|Any CPU.Build.0 = Debug|Any CPU
		{56C67AD9-867F-4A9D-8AE1-25CCE03406B7}.Debug|x64.ActiveCfg = Debug|x64
		{56C67AD9-867F-4A9D-8AE1-25CCE03406B7}.Debug|x64.Build.0 = Debug|x64
		{56C67AD9-867F-4A9D-8AE1-25CCE03406B7}.Release|Any CPU.ActiveCfg = Release|Any CPU
		{56C67AD9-867F-4A9D-8AE1-25CCE03406B7}.Release|Any CPU.Build.0 = Release|Any CPU
		{56C67AD9-867F-4A9D-8AE1-25CCE03406B7}.Release|x64.ActiveCfg = Release|x64
		{56C67AD9-867F-4A9D-8AE1-25CCE03406B7}.Release|x64.Build.0 = Release|x64
	EndGlobalSection
	GlobalSection(SolutionProperties) = preSolution
		HideSolutionNode = FALSE
	EndGlobalSection
	GlobalSection(ExtensibilityGlobals) = postSolution
		SolutionGuid = {06944484-9D7B-4879-9E18-CA433A2989C2}
	EndGlobalSection
EndGlobal
